PODS:
  - DACircularProgress (2.3.1)
  - DTCoreText (1.6.16):
    - DTFoundation/Core (~> 1.7.5)
    - DTFoundation/DTAnimatedGIF (~> 1.7.5)
    - DTFoundation/DTHTMLParser (~> 1.7.5)
    - DTFoundation/UIKit (~> 1.7.5)
  - DTFoundation/Core (1.7.7)
  - DTFoundation/DTAnimatedGIF (1.7.7)
  - DTFoundation/DTHTMLParser (1.7.7):
    - DTFoundation/Core
  - DTFoundation/UIKit (1.7.7):
    - DTFoundation/Core
  - MBProgressHUD (0.9.1)
  - MXChat (0.1.5):
    - DACircularProgress (= 2.3.1)
    - DTCoreText (= 1.6.16)
    - MBProgressHUD (= 0.9.1)
    - MXEGOCache (= 2.1.4)
    - SDWebImage/Core (= 3.7.3)
  - MXEGOCache (2.1.4)
  - SDWebImage/Core (3.7.3)

DEPENDENCIES:
  - MXChat (from `../`)

EXTERNAL SOURCES:
  MXChat:
    :path: ../

SPEC CHECKSUMS:
  DACircularProgress: 4dd437c0fc3da5161cb289e07ac449493d41db71
  DTCoreText: 934a16fe9ffdd169c96261721b39dc312b75713d
  DTFoundation: c9b3362b83f0017389082ec067ede719826a579d
  MBProgressHUD: c47f2c166c126cf2ce36498d80f33e754d4e93ad
  MXChat: 84dfe9bb96f4d08b46a2d52d6ee58db6c80f953f
  MXEGOCache: 7cb2392ecc11ff1b1cc6024e42695c524e9368ed
  SDWebImage: 1d2b1a1efda1ade1b00b6f8498865f8ddedc8a84

COCOAPODS: 0.38.2
